
Microsoft Visual Studio Solution File, Format Version 12.00
# Visual Studio Version 16
VisualStudioVersion = 16.0.31402.337
MinimumVisualStudioVersion = 10.0.40219.1
Project("{FAE04EC0-301F-11D3-BF4B-00C04F79EFBC}") = "MSExcel-CRUD", "MSExcel-CRUD\MSExcel-CRUD.csproj", "{395540C2-9393-4819-AFC1-8538F98EF5C8}"
EndProject
Global
	GlobalSection(SolutionConfigurationPlatforms) = preSolution
		Debug|Any CPU = Debug|Any CPU
		Release|Any CPU = Release|Any CPU
	EndGlobalSection
	GlobalSection(ProjectConfigurationPlatforms) = postSolution
		{395540C2-9393-4819-AFC1-8538F98EF5C8}.Debug|Any CPU.ActiveCfg = Debug|Any CPU
		{395540C2-9393-4819-AFC1-8538F98EF5C8}.Debug|Any CPU.Build.0 = Debug|Any CPU
		{395540C2-9393-4819-AFC1-8538F98EF5C8}.Release|Any CPU.ActiveCfg = Release|Any CPU
		{395540C2-9393-4819-AFC1-8538F98EF5C8}.Release|Any CPU.Build.0 = Release|Any CPU
	EndGlobalSection
	GlobalSection(SolutionProperties) = preSolution
		HideSolutionNode = FALSE
	EndGlobalSection
	GlobalSection(ExtensibilityGlobals) = postSolution
		SolutionGuid = {7F8CE258-ADA2-4DEA-8392-599B1713B238}
	EndGlobalSection
EndGlobal
